// !$*UTF8*$!
{
	archiveVersion = 1;
	classes = {
	};
	objectVersion = 55;
	objects = {

/* Begin PBXBuildFile section */
		AC8022AD37823387F2E3AAC0 /* Pods_BarChart_UIKit.framework in Frameworks */ = {isa = PBXBuildFile; fileRef = 004C5740220EEB4675991818 /* Pods_BarChart_UIKit.framework */; };
		D5870B9D283B8E2F002B5EAF /* AppDelegate.swift in Sources */ = {isa = PBXBuildFile; fileRef = D5870B9C283B8E2F002B5EAF /* AppDelegate.swift */; };
		D5870B9F283B8E2F002B5EAF /* SceneDelegate.swift in Sources */ = {isa = PBXBuildFile; fileRef = D5870B9E283B8E2F002B5EAF /* SceneDelegate.swift */; };
		D5870BA1283B8E2F002B5EAF /* ViewController.swift in Sources */ = {isa = PBXBuildFile; fileRef = D5870BA0283B8E2F002B5EAF /* ViewController.swift */; };
		D5870BA4283B8E2F002B5EAF /* Main.storyboard in Resources */ = {isa = PBXBuildFile; fileRef = D5870BA2283B8E2F002B5EAF /* Main.storyboard */; };
		D5870BA6283B8E32002B5EAF /* Assets.xcassets in Resources */ = {isa = PBXBuildFile; fileRef = D5870BA5283B8E32002B5EAF /* Assets.xcassets */; };
		D5870BA9283B8E32002B5EAF /* LaunchScreen.storyboard in Resources */ = {isa = PBXBuildFile; fileRef = D5870BA7283B8E32002B5EAF /* LaunchScreen.storyboard */; };
/* End PBXBuildFile section */

/* Begin PBXFileReference section */
		004C5740220EEB4675991818 /* Pods_BarChart_UIKit.framework */ = {isa = PBXFileReference; explicitFileType = wrapper.framework; includeInIndex = 0; path = Pods_BarChart_UIKit.framework; sourceTree = BUILT_PRODUCTS_DIR; };
		843C849F37125FA40FD1DD38 /* Pods-BarChart-UIKit.debug.xcconfig */ = {isa = PBXFileReference; includeInIndex = 1; lastKnownFileType = text.xcconfig; name = "Pods-BarChart-UIKit.debug.xcconfig"; path = "Target Support Files/Pods-BarChart-UIKit/Pods-BarChart-UIKit.debug.xcconfig"; sourceTree = "<group>"; };
		AABEAC8E1B3BAA5394F987CD /* Pods-BarChart-UIKit.release.xcconfig */ = {isa = PBXFileReference; includeInIndex = 1; lastKnownFileType = text.xcconfig; name = "Pods-BarChart-UIKit.release.xcconfig"; path = "Target Support Files/Pods-BarChart-UIKit/Pods-BarChart-UIKit.release.xcconfig"; sourceTree = "<group>"; };
		D5870B99283B8E2F002B5EAF /* BarChart-UIKit.app */ = {isa = PBXFileReference; explicitFileType = wrapper.application; includeInIndex = 0; path = "BarChart-UIKit.app"; sourceTree = BUILT_PRODUCTS_DIR; };
		D5870B9C283B8E2F002B5EAF /* AppDelegate.swift */ = {isa = PBXFileReference; lastKnownFileType = sourcecode.swift; path = AppDelegate.swift; sourceTree = "<group>"; };
		D5870B9E283B8E2F002B5EAF /* SceneDelegate.swift */ = {isa = PBXFileReference; lastKnownFileType = sourcecode.swift; path = SceneDelegate.swift; sourceTree = "<group>"; };
		D5870BA0283B8E2F002B5EAF /* ViewController.swift */ = {isa = PBXFileReference; lastKnownFileType = sourcecode.swift; path = ViewController.swift; sourceTree = "<group>"; };
		D5870BA3283B8E2F002B5EAF /* Base */ = {isa = PBXFileReference; lastKnownFileType = file.storyboard; name = Base; path = Base.lproj/Main.storyboard; sourceTree = "<group>"; };
		D5870BA5283B8E32002B5EAF /* Assets.xcassets */ = {isa = PBXFileReference; lastKnownFileType = folder.assetcatalog; path = Assets.xcassets; sourceTree = "<group>"; };
		D5870BA8283B8E32002B5EAF /* Base */ = {isa = PBXFileReference; lastKnownFileType = file.storyboard; name = Base; path = Base.lproj/LaunchScreen.storyboard; sourceTree = "<group>"; };
		D5870BAA283B8E32002B5EAF /* Info.plist */ = {isa = PBXFileReference; lastKnownFileType = text.plist.xml; path = Info.plist; sourceTree = "<group>"; };
/* End PBXFileReference section */

/* Begin PBXFrameworksBuildPhase section */
		D5870B96283B8E2F002B5EAF /* Frameworks */ = {
			isa = PBXFrameworksBuildPhase;
			buildActionMask = 2147483647;
			files = (
				AC8022AD37823387F2E3AAC0 /* Pods_BarChart_UIKit.framework in Frameworks */,
			);
			runOnlyForDeploymentPostprocessing = 0;
		};
/* End PBXFrameworksBuildPhase section */

/* Begin PBXGroup section */
		1768BDDFF02400A5CA0ABA58 /* Pods */ = {
			isa = PBXGroup;
			children = (
				843C849F37125FA40FD1DD38 /* Pods-BarChart-UIKit.debug.xcconfig */,
				AABEAC8E1B3BAA5394F987CD /* Pods-BarChart-UIKit.release.xcconfig */,
			);
			name = Pods;
			path = Pods;
			sourceTree = "<group>";
		};
		45826826E7D96D59D5D5264E /* Frameworks */ = {
			isa = PBXGroup;
			children = (
				004C5740220EEB4675991818 /* Pods_BarChart_UIKit.framework */,
			);
			name = Frameworks;
			sourceTree = "<group>";
		};
		D5870B90283B8E2F002B5EAF = {
			isa = PBXGroup;
			children = (
				D5870B9B283B8E2F002B5EAF /* BarChart-UIKit */,
				D5870B9A283B8E2F002B5EAF /* Products */,
				1768BDDFF02400A5CA0ABA58 /* Pods */,
				45826826E7D96D59D5D5264E /* Frameworks */,
			);
			sourceTree = "<group>";
		};
		D5870B9A283B8E2F002B5EAF /* Products */ = {
			isa = PBXGroup;
			children = (
				D5870B99283B8E2F002B5EAF /* BarChart-UIKit.app */,
			);
			name = Products;
			sourceTree = "<group>";
		};
		D5870B9B283B8E2F002B5EAF /* BarChart-UIKit */ = {
			isa = PBXGroup;
			children = (
				D5870B9C283B8E2F002B5EAF /* AppDelegate.swift */,
				D5870B9E283B8E2F002B5EAF /* SceneDelegate.swift */,
				D5870BA0283B8E2F002B5EAF /* ViewController.swift */,
				D5870BA2283B8E2F002B5EAF /* Main.storyboard */,
				D5870BA5283B8E32002B5EAF /* Assets.xcassets */,
				D5870BA7283B8E32002B5EAF /* LaunchScreen.storyboard */,
				D5870BAA283B8E32002B5EAF /* Info.plist */,
			);
			path = "BarChart-UIKit";
			sourceTree = "<group>";
		};
/* End PBXGroup section */

/* Begin PBXNativeTarget section */
		D5870B98283B8E2F002B5EAF /* BarChart-UIKit */ = {
			isa = PBXNativeTarget;
			buildConfigurationList = D5870BAD283B8E32002B5EAF /* Build configuration list for PBXNativeTarget "BarChart-UIKit" */;
			buildPhases = (
				DE682945BC265E9F446FA662 /* [CP] Check Pods Manifest.lock */,
				D5870B95283B8E2F002B5EAF /* Sources */,
				D5870B96283B8E2F002B5EAF /* Frameworks */,
				D5870B97283B8E2F002B5EAF /* Resources */,
				9EA235800811DBED257E3D83 /* [CP] Embed Pods Frameworks */,
			);
			buildRules = (
			);
			dependencies = (
			);
			name = "BarChart-UIKit";
			productName = "BarChart-UIKit";
			productReference = D5870B99283B8E2F002B5EAF /* BarChart-UIKit.app */;
			productType = "com.apple.product-type.application";
		};
/* End PBXNativeTarget section */

/* Begin PBXProject section */
		D5870B91283B8E2F002B5EAF /* Project object */ = {
			isa = PBXProject;
			attributes = {
				BuildIndependentTargetsInParallel = 1;
				LastSwiftUpdateCheck = 1330;
				LastUpgradeCheck = 1330;
				TargetAttributes = {
					D5870B98283B8E2F002B5EAF = {
						CreatedOnToolsVersion = 13.3;
					};
				};
			};
			buildConfigurationList = D5870B94283B8E2F002B5EAF /* Build configuration list for PBXProject "BarChart-UIKit" */;
			compatibilityVersion = "Xcode 13.0";
			developmentRegion = en;
			hasScannedForEncodings = 0;
			knownRegions = (
				en,
				Base,
			);
			mainGroup = D5870B90283B8E2F002B5EAF;
			productRefGroup = D5870B9A283B8E2F002B5EAF /* Products */;
			projectDirPath = "";
			projectRoot = "";
			targets = (
				D5870B98283B8E2F002B5EAF /* BarChart-UIKit */,
			);
		};
/* End PBXProject section */

/* Begin PBXResourcesBuildPhase section */
		D5870B97283B8E2F002B5EAF /* Resources */ = {
			isa = PBXResourcesBuildPhase;
			buildActionMask = 2147483647;
			files = (
				D5870BA9283B8E32002B5EAF /* LaunchScreen.storyboard in Resources */,
				D5870BA6283B8E32002B5EAF /* Assets.xcassets in Resources */,
				D5870BA4283B8E2F002B5EAF /* Main.storyboard in Resources */,
			);
			runOnlyForDeploymentPostprocessing = 0;
		};
/* End PBXResourcesBuildPhase section */

/* Begin PBXShellScriptBuildPhase section */
		9EA235800811DBED257E3D83 /* [CP] Embed Pods Frameworks */ = {
			isa = PBXShellScriptBuildPhase;
			buildActionMask = 2147483647;
			files = (
			);
			inputFileListPaths = (
				"${PODS_ROOT}/Target Support Files/Pods-BarChart-UIKit/Pods-BarChart-UIKit-frameworks-${CONFIGURATION}-input-files.xcfilelist",
			);
			name = "[CP] Embed Pods Frameworks";
			outputFileListPaths = (
				"${PODS_ROOT}/Target Support Files/Pods-BarChart-UIKit/Pods-BarChart-UIKit-frameworks-${CONFIGURATION}-output-files.xcfilelist",
			);
			runOnlyForDeploymentPostprocessing = 0;
			shellPath = /bin/sh;
			shellScript = "\"${PODS_ROOT}/Target Support Files/Pods-BarChart-UIKit/Pods-BarChart-UIKit-frameworks.sh\"\n";
			showEnvVarsInLog = 0;
		};
		DE682945BC265E9F446FA662 /* [CP] Check Pods Manifest.lock */ = {
			isa = PBXShellScriptBuildPhase;
			buildActionMask = 2147483647;
			files = (
			);
			inputFileListPaths = (
			);
			inputPaths = (
				"${PODS_PODFILE_DIR_PATH}/Podfile.lock",
				"${PODS_ROOT}/Manifest.lock",
			);
			name = "[CP] Check Pods Manifest.lock";
			outputFileListPaths = (
			);
			outputPaths = (
				"$(DERIVED_FILE_DIR)/Pods-BarChart-UIKit-checkManifestLockResult.txt",
			);
			runOnlyForDeploymentPostprocessing = 0;
			shellPath = /bin/sh;
			shellScript = "diff \"${PODS_PODFILE_DIR_PATH}/Podfile.lock\" \"${PODS_ROOT}/Manifest.lock\" > /dev/null\nif [ $? != 0 ] ; then\n    # print error to STDERR\n    echo \"error: The sandbox is not in sync with the Podfile.lock. Run 'pod install' or update your CocoaPods installation.\" >&2\n    exit 1\nfi\n# This output is used by Xcode 'outputs' to avoid re-running this script phase.\necho \"SUCCESS\" > \"${SCRIPT_OUTPUT_FILE_0}\"\n";
			showEnvVarsInLog = 0;
		};
/* End PBXShellScriptBuildPhase section */

/* Begin PBXSourcesBuildPhase section */
		D5870B95283B8E2F002B5EAF /* Sources */ = {
			isa = PBXSourcesBuildPhase;
			buildActionMask = 2147483647;
			files = (
				D5870BA1283B8E2F002B5EAF /* ViewController.swift in Sources */,
				D5870B9D283B8E2F002B5EAF /* AppDelegate.swift in Sources */,
				D5870B9F283B8E2F002B5EAF /* SceneDelegate.swift in Sources */,
			);
			runOnlyForDeploymentPostprocessing = 0;
		};
/* End PBXSourcesBuildPhase section */

/* Begin PBXVariantGroup section */
		D5870BA2283B8E2F002B5EAF /* Main.storyboard */ = {
			isa = PBXVariantGroup;
			children = (
				D5870BA3283B8E2F002B5EAF /* Base */,
			);
			name = Main.storyboard;
			sourceTree = "<group>";
		};
		D5870BA7283B8E32002B5EAF /* LaunchScreen.storyboard */ = {
			isa = PBXVariantGroup;
			children = (
				D5870BA8283B8E32002B5EAF /* Base */,
			);
			name = LaunchScreen.storyboard;
			sourceTree = "<group>";
		};
/* End PBXVariantGroup section */

/* Begin XCBuildConfiguration section */
		D5870BAB283B8E32002B5EAF /* Debug */ = {
			isa = XCBuildConfiguration;
			buildSettings = {
				ALWAYS_SEARCH_USER_PATHS = NO;
				CLANG_ANALYZER_NONNULL = YES;
				CLANG_ANALYZER_NUMBER_OBJECT_CONVERSION = YES_AGGRESSIVE;
				CLANG_CXX_LANGUAGE_STANDARD = "gnu++17";
				CLANG_ENABLE_MODULES = YES;
				CLANG_ENABLE_OBJC_ARC = YES;
				CLANG_ENABLE_OBJC_WEAK = YES;
				CLANG_WARN_BLOCK_CAPTURE_AUTORELEASING = YES;
				CLANG_WARN_BOOL_CONVERSION = YES;
				CLANG_WARN_COMMA = YES;
				CLANG_WARN_CONSTANT_CONVERSION = YES;
				CLANG_WARN_DEPRECATED_OBJC_IMPLEMENTATIONS = YES;
				CLANG_WARN_DIRECT_OBJC_ISA_USAGE = YES_ERROR;
				CLANG_WARN_DOCUMENTATION_COMMENTS = YES;
				CLANG_WARN_EMPTY_BODY = YES;
				CLANG_WARN_ENUM_CONVERSION = YES;
				CLANG_WARN_INFINITE_RECURSION = YES;
				CLANG_WARN_INT_CONVERSION = YES;
				CLANG_WARN_NON_LITERAL_NULL_CONVERSION = YES;
				CLANG_WARN_OBJC_IMPLICIT_RETAIN_SELF = YES;
				CLANG_WARN_OBJC_LITERAL_CONVERSION = YES;
				CLANG_WARN_OBJC_ROOT_CLASS = YES_ERROR;
				CLANG_WARN_QUOTED_INCLUDE_IN_FRAMEWORK_HEADER = YES;
				CLANG_WARN_RANGE_LOOP_ANALYSIS = YES;
				CLANG_WARN_STRICT_PROTOTYPES = YES;
				CLANG_WARN_SUSPICIOUS_MOVE = YES;
				CLANG_WARN_UNGUARDED_AVAILABILITY = YES_AGGRESSIVE;
				CLANG_WARN_UNREACHABLE_CODE = YES;
				CLANG_WARN__DUPLICATE_METHOD_MATCH = YES;
				COPY_PHASE_STRIP = NO;
				DEBUG_INFORMATION_FORMAT = dwarf;
				ENABLE_STRICT_OBJC_MSGSEND = YES;
				ENABLE_TESTABILITY = YES;
				GCC_C_LANGUAGE_STANDARD = gnu11;
				GCC_DYNAMIC_NO_PIC = NO;
				GCC_NO_COMMON_BLOCKS = YES;
				GCC_OPTIMIZATION_LEVEL = 0;
				GCC_PREPROCESSOR_DEFINITIONS = (
					"DEBUG=1",
					"$(inherited)",
				);
				GCC_WARN_64_TO_32_BIT_CONVERSION = YES;
				GCC_WARN_ABOUT_RETURN_TYPE = YES_ERROR;
				GCC_WARN_UNDECLARED_SELECTOR = YES;
				GCC_WARN_UNINITIALIZED_AUTOS = YES_AGGRESSIVE;
				GCC_WARN_UNUSED_FUNCTION = YES;
				GCC_WARN_UNUSED_VARIABLE = YES;
				IPHONEOS_DEPLOYMENT_TARGET = 15.4;
				MTL_ENABLE_DEBUG_INFO = INCLUDE_SOURCE;
				MTL_FAST_MATH = YES;
				ONLY_ACTIVE_ARCH = YES;
				SDKROOT = iphoneos;
				SWIFT_ACTIVE_COMPILATION_CONDITIONS = DEBUG;
				SWIFT_OPTIMIZATION_LEVEL = "-Onone";
			};
			name = Debug;
		};
		D5870BAC283B8E32002B5EAF /* Release */ = {
			isa = XCBuildConfiguration;
			buildSettings = {
				ALWAYS_SEARCH_USER_PATHS = NO;
				CLANG_ANALYZER_NONNULL = YES;
				CLANG_ANALYZER_NUMBER_OBJECT_CONVERSION = YES_AGGRESSIVE;
				CLANG_CXX_LANGUAGE_STANDARD = "gnu++17";
				CLANG_ENABLE_MODULES = YES;
				CLANG_ENABLE_OBJC_ARC = YES;
				CLANG_ENABLE_OBJC_WEAK = YES;
				CLANG_WARN_BLOCK_CAPTURE_AUTORELEASING = YES;
				CLANG_WARN_BOOL_CONVERSION = YES;
				CLANG_WARN_COMMA = YES;
				CLANG_WARN_CONSTANT_CONVERSION = YES;
				CLANG_WARN_DEPRECATED_OBJC_IMPLEMENTATIONS = YES;
				CLANG_WARN_DIRECT_OBJC_ISA_USAGE = YES_ERROR;
				CLANG_WARN_DOCUMENTATION_COMMENTS = YES;
				CLANG_WARN_EMPTY_BODY = YES;
				CLANG_WARN_ENUM_CONVERSION = YES;
				CLANG_WARN_INFINITE_RECURSION = YES;
				CLANG_WARN_INT_CONVERSION = YES;
				CLANG_WARN_NON_LITERAL_NULL_CONVERSION = YES;
				CLANG_WARN_OBJC_IMPLICIT_RETAIN_SELF = YES;
				CLANG_WARN_OBJC_LITERAL_CONVERSION = YES;
				CLANG_WARN_OBJC_ROOT_CLASS = YES_ERROR;
				CLANG_WARN_QUOTED_INCLUDE_IN_FRAMEWORK_HEADER = YES;
				CLANG_WARN_RANGE_LOOP_ANALYSIS = YES;
				CLANG_WARN_STRICT_PROTOTYPES = YES;
				CLANG_WARN_SUSPICIOUS_MOVE = YES;
				CLANG_WARN_UNGUARDED_AVAILABILITY = YES_AGGRESSIVE;
				CLANG_WARN_UNREACHABLE_CODE = YES;
				CLANG_WARN__DUPLICATE_METHOD_MATCH = YES;
				COPY_PHASE_STRIP = NO;
				DEBUG_INFORMATION_FORMAT = "dwarf-with-dsym";
				ENABLE_NS_ASSERTIONS = NO;
				ENABLE_STRICT_OBJC_MSGSEND = YES;
				GCC_C_LANGUAGE_STANDARD = gnu11;
				GCC_NO_COMMON_BLOCKS = YES;
				GCC_WARN_64_TO_32_BIT_CONVERSION = YES;
				GCC_WARN_ABOUT_RETURN_TYPE = YES_ERROR;
				GCC_WARN_UNDECLARED_SELECTOR = YES;
				GCC_WARN_UNINITIALIZED_AUTOS = YES_AGGRESSIVE;
				GCC_WARN_UNUSED_FUNCTION = YES;
				GCC_WARN_UNUSED_VARIABLE = YES;
				IPHONEOS_DEPLOYMENT_TARGET = 15.4;
				MTL_ENABLE_DEBUG_INFO = NO;
				MTL_FAST_MATH = YES;
				SDKROOT = iphoneos;
				SWIFT_COMPILATION_MODE = wholemodule;
				SWIFT_OPTIMIZATION_LEVEL = "-O";
				VALIDATE_PRODUCT = YES;
			};
			name = Release;
		};
		D5870BAE283B8E32002B5EAF /* Debug */ = {
			isa = XCBuildConfiguration;
			baseConfigurationReference = 843C849F37125FA40FD1DD38 /* Pods-BarChart-UIKit.debug.xcconfig */;
			buildSettings = {
				ASSETCATALOG_COMPILER_APPICON_NAME = AppIcon;
				ASSETCATALOG_COMPILER_GLOBAL_ACCENT_COLOR_NAME = AccentColor;
				CODE_SIGN_STYLE = Automatic;
				CURRENT_PROJECT_VERSION = 1;
				DEVELOPMENT_TEAM = A9ZN9N3ZUM;
				GENERATE_INFOPLIST_FILE = YES;
				INFOPLIST_FILE = "BarChart-UIKit/Info.plist";
				INFOPLIST_KEY_UIApplicationSupportsIndirectInputEvents = YES;
				INFOPLIST_KEY_UILaunchStoryboardName = LaunchScreen;
				INFOPLIST_KEY_UIMainStoryboardFile = Main;
				INFOPLIST_KEY_UISupportedInterfaceOrientations_iPad = "UIInterfaceOrientationPortrait UIInterfaceOrientationPortraitUpsideDown UIInterfaceOrientationLandscapeLeft UIInterfaceOrientationLandscapeRight";
				INFOPLIST_KEY_UISupportedInterfaceOrientations_iPhone = "UIInterfaceOrientationPortrait UIInterfaceOrientationLandscapeLeft UIInterfaceOrientationLandscapeRight";
				LD_RUNPATH_SEARCH_PATHS = (
					"$(inherited)",
					"@executable_path/Frameworks",
				);
				MARKETING_VERSION = 1.0;
				PRODUCT_BUNDLE_IDENTIFIER = "com.amalitech.BarChart-UIKit";
				PRODUCT_NAME = "$(TARGET_NAME)";
				SWIFT_EMIT_LOC_STRINGS = YES;
				SWIFT_VERSION = 5.0;
				TARGETED_DEVICE_FAMILY = "1,2";
			};
			name = Debug;
		};
		D5870BAF283B8E32002B5EAF /* Release */ = {
			isa = XCBuildConfiguration;
			baseConfigurationReference = AABEAC8E1B3BAA5394F987CD /* Pods-BarChart-UIKit.release.xcconfig */;
			buildSettings = {
				ASSETCATALOG_COMPILER_APPICON_NAME = AppIcon;
				ASSETCATALOG_COMPILER_GLOBAL_ACCENT_COLOR_NAME = AccentColor;
				CODE_SIGN_STYLE = Automatic;
				CURRENT_PROJECT_VERSION = 1;
				DEVELOPMENT_TEAM = A9ZN9N3ZUM;
				GENERATE_INFOPLIST_FILE = YES;
				INFOPLIST_FILE = "BarChart-UIKit/Info.plist";
				INFOPLIST_KEY_UIApplicationSupportsIndirectInputEvents = YES;
				INFOPLIST_KEY_UILaunchStoryboardName = LaunchScreen;
				INFOPLIST_KEY_UIMainStoryboardFile = Main;
				INFOPLIST_KEY_UISupportedInterfaceOrientations_iPad = "UIInterfaceOrientationPortrait UIInterfaceOrientationPortraitUpsideDown UIInterfaceOrientationLandscapeLeft UIInterfaceOrientationLandscapeRight";
				INFOPLIST_KEY_UISupportedInterfaceOrientations_iPhone = "UIInterfaceOrientationPortrait UIInterfaceOrientationLandscapeLeft UIInterfaceOrientationLandscapeRight";
				LD_RUNPATH_SEARCH_PATHS = (
					"$(inherited)",
					"@executable_path/Frameworks",
				);
				MARKETING_VERSION = 1.0;
				PRODUCT_BUNDLE_IDENTIFIER = "com.amalitech.BarChart-UIKit";
				PRODUCT_NAME = "$(TARGET_NAME)";
				SWIFT_EMIT_LOC_STRINGS = YES;
				SWIFT_VERSION = 5.0;
				TARGETED_DEVICE_FAMILY = "1,2";
			};
			name = Release;
		};
/* End XCBuildConfiguration section */

/* Begin XCConfigurationList section */
		D5870B94283B8E2F002B5EAF /* Build configuration list for PBXProject "BarChart-UIKit" */ = {
			isa = XCConfigurationList;
			buildConfigurations = (
				D5870BAB283B8E32002B5EAF /* Debug */,
				D5870BAC283B8E32002B5EAF /* Release */,
			);
			defaultConfigurationIsVisible = 0;
			defaultConfigurationName = Release;
		};
		D5870BAD283B8E32002B5EAF /* Build configuration list for PBXNativeTarget "BarChart-UIKit" */ = {
			isa = XCConfigurationList;
			buildConfigurations = (
				D5870BAE283B8E32002B5EAF /* Debug */,
				D5870BAF283B8E32002B5EAF /* Release */,
			);
			defaultConfigurationIsVisible = 0;
			defaultConfigurationName = Release;
		};
/* End XCConfigurationList section */
	};
	rootObject = D5870B91283B8E2F002B5EAF /* Project object */;
}
